<?xml version="1.0" encoding="utf-8"?>
<Project ToolsVersion="4.0" xmlns="http://schemas.microsoft.com/developer/msbuild/2003">
  <ItemGroup>
    <Filter Include="Source Files">
      <UniqueIdentifier>{4FC737F1-C7A5-4376-A066-2A32D752A2FF}</UniqueIdentifier>
      <Extensions>cpp;c;cc;cxx;c++;cppm;ixx;def;odl;idl;hpj;bat;asm;asmx</Extensions>
    </Filter>
    <Filter Include="Header Files">
      <UniqueIdentifier>{93995380-89BD-4b04-88EB-625FBE52EBFB}</UniqueIdentifier>
      <Extensions>h;hh;hpp;hxx;h++;hm;inl;inc;ipp;xsd</Extensions>
    </Filter>
    <Filter Include="Resource Files">
      <UniqueIdentifier>{67DA6AB6-F800-4c08-8B7A-83BB121AAD01}</UniqueIdentifier>
      <Extensions>rc;ico;cur;bmp;dlg;rc2;rct;bin;rgs;gif;jpg;jpeg;jpe;resx;tiff;tif;png;wav;mfcribbon-ms</Extensions>
    </Filter>
    <Filter Include="configuration">
      <UniqueIdentifier>{b1c4cac5-5f30-47de-b158-ccab2461e5f5}</UniqueIdentifier>
    </Filter>
  </ItemGroup>
  <ItemGroup>
    <ClInclude Include="Resource.h">
      <Filter>Header Files</Filter>
    </ClInclude>
    <ClInclude Include="my_app.hpp">
      <Filter>Header Files</Filter>
    </ClInclude>
    <ClInclude Include="coronaproject.h">
      <Filter>Header Files</Filter>
    </ClInclude>
  </ItemGroup>
  <ItemGroup>
    <ClCompile Include="coronaproject.cpp">
      <Filter>Source Files</Filter>
    </ClCompile>
  </ItemGroup>
  <ItemGroup>
    <ResourceCompile Include="coronaproject.rc">
      <Filter>Resource Files</Filter>
    </ResourceCompile>
  </ItemGroup>
  <ItemGroup>
    <None Include="configuration\tab_people.json" />
    <None Include="configuration\app_general_ledger_period.json" />
    <None Include="configuration\app_general_ledger_period_card.json" />
    <None Include="configuration\app_general_ledger_entry.json" />
    <None Include="configuration\app_vendor_card.json" />
    <None Include="configuration\tab_entries.json" />
    <None Include="configuration\app_general_ledger_post_card.json" />
    <None Include="configuration\app_general_ledger_account.json" />
    <None Include="configuration\tab_transactions.json" />
    <None Include="configuration\tab_petty_cash.json" />
    <None Include="configuration\tab_vendor.json" />
    <None Include="configuration\tab_payment.json" />
    <None Include="configuration\app_invoice_card.json" />
    <None Include="configuration\app_general_ledger_entry_card.json" />
    <None Include="configuration\tab_general_ledger_account.json" />
    <None Include="configuration\tab_general_ledger_period.json" />
    <None Include="configuration\app_general_ledger_post.json" />
    <None Include="configuration\tab_bank_account.json" />
    <None Include="configuration\tab_general_ledger_post.json" />
    <None Include="configuration\app_bank_account.json" />
    <None Include="configuration\app_bank_account_card.json" />
    <None Include="configuration\tab_posts.json" />
    <None Include="configuration\app_payment.json" />
    <None Include="configuration\app_rate_card.json" />
    <None Include="configuration\tab_invoice.json" />
    <None Include="configuration\app_petty_cash.json" />
    <None Include="configuration\tab_check.json" />
    <None Include="configuration\tab_nsf.json" />
    <None Include="configuration\app_check_card.json" />
    <None Include="configuration\app_check.json" />
    <None Include="configuration\app_debit_memo.json" />
    <None Include="configuration\app_debit_memo_card.json" />
    <None Include="configuration\app_returned_check.json" />
    <None Include="configuration\app_credit_memo.json" />
    <None Include="configuration\app_returned_check_fee_card.json" />
    <None Include="configuration\app_rate.json" />
    <None Include="configuration\app_credit_memo_card.json" />
    <None Include="configuration\app_returned_check_card.json" />
    <None Include="configuration\tab_rate.json" />
    <None Include="configuration\app_returned_check_fee.json" />
    <None Include="configuration\app_vendor.json" />
    <None Include="configuration\app_general_ledger_account_card.json" />
    <None Include="configuration\app_payment_card.json" />
    <None Include="configuration\app_invoice.json" />
    <None Include="configuration\app_petty_cash_card.json" />
  </ItemGroup>
</Project>