<?xml version="1.0" encoding="utf-8"?>
<Project ToolsVersion="4.0" xmlns="http://schemas.microsoft.com/developer/msbuild/2003">
  <ItemGroup>
    <Filter Include="Source Files">
      <UniqueIdentifier>{4FC737F1-C7A5-4376-A066-2A32D752A2FF}</UniqueIdentifier>
      <Extensions>cpp;c;cc;cxx;c++;cppm;ixx;def;odl;idl;hpj;bat;asm;asmx</Extensions>
    </Filter>
    <Filter Include="Header Files">
      <UniqueIdentifier>{93995380-89BD-4b04-88EB-625FBE52EBFB}</UniqueIdentifier>
      <Extensions>h;hh;hpp;hxx;h++;hm;inl;inc;ipp;xsd</Extensions>
    </Filter>
    <Filter Include="Resource Files">
      <UniqueIdentifier>{67DA6AB6-F800-4c08-8B7A-83BB121AAD01}</UniqueIdentifier>
      <Extensions>rc;ico;cur;bmp;dlg;rc2;rct;bin;rgs;gif;jpg;jpeg;jpe;resx;tiff;tif;png;wav;mfcribbon-ms</Extensions>
    </Filter>
    <Filter Include="configuration">
      <UniqueIdentifier>{b1c4cac5-5f30-47de-b158-ccab2461e5f5}</UniqueIdentifier>
    </Filter>
  </ItemGroup>
  <ItemGroup>
    <ClInclude Include="Resource.h">
      <Filter>Header Files</Filter>
    </ClInclude>
    <ClInclude Include="app_guitar.hpp">
      <Filter>Source Files</Filter>
    </ClInclude>
    <ClInclude Include="app_patriarch.hpp">
      <Filter>Header Files</Filter>
    </ClInclude>
    <ClInclude Include="patriarch.h">
      <Filter>Header Files</Filter>
    </ClInclude>
  </ItemGroup>
  <ItemGroup>
    <Image Include="small.ico">
      <Filter>Resource Files</Filter>
    </Image>
    <Image Include="login.ico">
      <Filter>Resource Files</Filter>
    </Image>
    <Image Include="patriarch.ico">
      <Filter>Resource Files</Filter>
    </Image>
    <Image Include="assets\accountant.png">
      <Filter>Resource Files</Filter>
    </Image>
    <Image Include="assets\ancestor.png">
      <Filter>Resource Files</Filter>
    </Image>
    <Image Include="assets\appliance.png">
      <Filter>Resource Files</Filter>
    </Image>
    <Image Include="assets\appointment.png">
      <Filter>Resource Files</Filter>
    </Image>
    <Image Include="assets\bar.png">
      <Filter>Resource Files</Filter>
    </Image>
    <Image Include="assets\broker.png">
      <Filter>Resource Files</Filter>
    </Image>
    <Image Include="assets\building.png">
      <Filter>Resource Files</Filter>
    </Image>
    <Image Include="assets\case_worker.png">
      <Filter>Resource Files</Filter>
    </Image>
    <Image Include="assets\child.png">
      <Filter>Resource Files</Filter>
    </Image>
    <Image Include="assets\church.png">
      <Filter>Resource Files</Filter>
    </Image>
    <Image Include="assets\collectible.png">
      <Filter>Resource Files</Filter>
    </Image>
    <Image Include="assets\contact.png">
      <Filter>Resource Files</Filter>
    </Image>
    <Image Include="assets\doctor.png">
      <Filter>Resource Files</Filter>
    </Image>
    <Image Include="assets\electronic.png">
      <Filter>Resource Files</Filter>
    </Image>
    <Image Include="assets\furniture.png">
      <Filter>Resource Files</Filter>
    </Image>
    <Image Include="assets\grocery.png">
      <Filter>Resource Files</Filter>
    </Image>
    <Image Include="assets\home.png">
      <Filter>Resource Files</Filter>
    </Image>
    <Image Include="assets\husband.png">
      <Filter>Resource Files</Filter>
    </Image>
    <Image Include="assets\jewelry.png">
      <Filter>Resource Files</Filter>
    </Image>
    <Image Include="assets\lawyer.png">
      <Filter>Resource Files</Filter>
    </Image>
    <Image Include="assets\liquor.png">
      <Filter>Resource Files</Filter>
    </Image>
    <Image Include="assets\museum.png">
      <Filter>Resource Files</Filter>
    </Image>
    <Image Include="assets\park.png">
      <Filter>Resource Files</Filter>
    </Image>
    <Image Include="assets\parole_officer.png">
      <Filter>Resource Files</Filter>
    </Image>
    <Image Include="assets\party.png">
      <Filter>Resource Files</Filter>
    </Image>
    <Image Include="assets\pharmacy.png">
      <Filter>Resource Files</Filter>
    </Image>
    <Image Include="assets\project.png">
      <Filter>Resource Files</Filter>
    </Image>
    <Image Include="assets\real_estate.png">
      <Filter>Resource Files</Filter>
    </Image>
    <Image Include="assets\relative.png">
      <Filter>Resource Files</Filter>
    </Image>
    <Image Include="assets\reminder.png">
      <Filter>Resource Files</Filter>
    </Image>
    <Image Include="assets\repair.png">
      <Filter>Resource Files</Filter>
    </Image>
    <Image Include="assets\restaurant.png">
      <Filter>Resource Files</Filter>
    </Image>
    <Image Include="assets\school.png">
      <Filter>Resource Files</Filter>
    </Image>
    <Image Include="assets\shapes1.png">
      <Filter>Resource Files</Filter>
    </Image>
    <Image Include="assets\task.png">
      <Filter>Resource Files</Filter>
    </Image>
    <Image Include="assets\tickets.png">
      <Filter>Resource Files</Filter>
    </Image>
    <Image Include="assets\tool.png">
      <Filter>Resource Files</Filter>
    </Image>
    <Image Include="assets\trip.png">
      <Filter>Resource Files</Filter>
    </Image>
    <Image Include="assets\utility.png">
      <Filter>Resource Files</Filter>
    </Image>
    <Image Include="assets\vehicle.png">
      <Filter>Resource Files</Filter>
    </Image>
    <Image Include="assets\wife.png">
      <Filter>Resource Files</Filter>
    </Image>
    <Image Include="assets\tractor.png">
      <Filter>Resource Files</Filter>
    </Image>
    <Image Include="assets\note.png">
      <Filter>Resource Files</Filter>
    </Image>
    <Image Include="assets\mechanic.png">
      <Filter>Resource Files</Filter>
    </Image>
    <Image Include="assets\member.png">
      <Filter>Resource Files</Filter>
    </Image>
    <Image Include="assets\gun.png">
      <Filter>Resource Files</Filter>
    </Image>
    <Image Include="assets\database.png">
      <Filter>Resource Files</Filter>
    </Image>
    <Image Include="assets\boat.png">
      <Filter>Resource Files</Filter>
    </Image>
  </ItemGroup>
  <ItemGroup>
    <CopyFileToFolders Include="assets\small_logo.png">
      <Filter>Resource Files</Filter>
    </CopyFileToFolders>
    <CopyFileToFolders Include="configuration\config.json">
      <Filter>configuration</Filter>
    </CopyFileToFolders>
    <CopyFileToFolders Include="configuration\patriarch_contact.json">
      <Filter>configuration</Filter>
    </CopyFileToFolders>
    <CopyFileToFolders Include="configuration\patriarch_contact_card.json">
      <Filter>configuration</Filter>
    </CopyFileToFolders>
    <CopyFileToFolders Include="configuration\patriarch_home.json">
      <Filter>configuration</Filter>
    </CopyFileToFolders>
    <CopyFileToFolders Include="configuration\patriarch_layout_test.json">
      <Filter>configuration</Filter>
    </CopyFileToFolders>
    <CopyFileToFolders Include="configuration\patriarch_schema_blank.json">
      <Filter>configuration</Filter>
    </CopyFileToFolders>
    <CopyFileToFolders Include="configuration\patriarch_search.json">
      <Filter>configuration</Filter>
    </CopyFileToFolders>
    <CopyFileToFolders Include="configuration\patriarch_database.json">
      <Filter>configuration</Filter>
    </CopyFileToFolders>
    <CopyFileToFolders Include="configuration\patriarch_styles.json">
      <Filter>configuration</Filter>
    </CopyFileToFolders>
    <CopyFileToFolders Include="configuration\patriarch_member.json">
      <Filter>configuration</Filter>
    </CopyFileToFolders>
    <CopyFileToFolders Include="configuration\patriarch_member_card.json">
      <Filter>configuration</Filter>
    </CopyFileToFolders>
    <CopyFileToFolders Include="configuration\patriarch_pages.json">
      <Filter>configuration</Filter>
    </CopyFileToFolders>
    <CopyFileToFolders Include="configuration\patriarch_property.json">
      <Filter>configuration</Filter>
    </CopyFileToFolders>
    <CopyFileToFolders Include="configuration\patriarch_property_card.json">
      <Filter>configuration</Filter>
    </CopyFileToFolders>
    <CopyFileToFolders Include="configuration\patriarch_schema.json">
      <Filter>configuration</Filter>
    </CopyFileToFolders>
    <CopyFileToFolders Include="configuration\patriarch_table_card.json">
      <Filter>configuration</Filter>
    </CopyFileToFolders>
    <CopyFileToFolders Include="configuration\patriarch_task_trip_card.json" />
    <CopyFileToFolders Include="configuration\patriarch_contact_accountant.json" />
    <CopyFileToFolders Include="configuration\patriarch_contact_accountant_card.json" />
    <CopyFileToFolders Include="configuration\patriarch_contact_broker.json" />
    <CopyFileToFolders Include="configuration\patriarch_contact_broker_card.json" />
    <CopyFileToFolders Include="configuration\patriarch_contact_case_worker.json" />
    <CopyFileToFolders Include="configuration\patriarch_contact_case_worker_card.json" />
    <CopyFileToFolders Include="configuration\patriarch_contact_church.json" />
    <CopyFileToFolders Include="configuration\patriarch_contact_church_card.json" />
    <CopyFileToFolders Include="configuration\patriarch_contact_club.json" />
    <CopyFileToFolders Include="configuration\patriarch_contact_club_card.json" />
    <CopyFileToFolders Include="configuration\patriarch_contact_doctor.json" />
    <CopyFileToFolders Include="configuration\patriarch_contact_doctor_card.json" />
    <CopyFileToFolders Include="configuration\patriarch_contact_employer.json" />
    <CopyFileToFolders Include="configuration\patriarch_contact_employer_card.json" />
    <CopyFileToFolders Include="configuration\patriarch_contact_landscaper.json" />
    <CopyFileToFolders Include="configuration\patriarch_contact_landscaper_card.json" />
    <CopyFileToFolders Include="configuration\patriarch_contact_lawyer.json" />
    <CopyFileToFolders Include="configuration\patriarch_contact_lawyer_card.json" />
    <CopyFileToFolders Include="configuration\patriarch_contact_marina.json" />
    <CopyFileToFolders Include="configuration\patriarch_contact_marina_card.json" />
    <CopyFileToFolders Include="configuration\patriarch_contact_mechanic.json" />
    <CopyFileToFolders Include="configuration\patriarch_contact_mechanic_card.json" />
    <CopyFileToFolders Include="configuration\patriarch_contact_parole_officer.json" />
    <CopyFileToFolders Include="configuration\patriarch_contact_parole_officer_card.json" />
    <CopyFileToFolders Include="configuration\patriarch_contact_pharmacy.json" />
    <CopyFileToFolders Include="configuration\patriarch_contact_pharmacy_card.json" />
    <CopyFileToFolders Include="configuration\patriarch_contact_real_estate.json" />
    <CopyFileToFolders Include="configuration\patriarch_contact_real_estate_card.json" />
    <CopyFileToFolders Include="configuration\patriarch_contact_school.json" />
    <CopyFileToFolders Include="configuration\patriarch_contact_school_card.json" />
    <CopyFileToFolders Include="configuration\patriarch_contact_utility.json" />
    <CopyFileToFolders Include="configuration\patriarch_contact_utility_card.json" />
    <CopyFileToFolders Include="configuration\patriarch_create.json" />
    <CopyFileToFolders Include="configuration\patriarch_empty.json" />
    <CopyFileToFolders Include="configuration\patriarch_member_ancestor.json" />
    <CopyFileToFolders Include="configuration\patriarch_member_ancestor_card.json" />
    <CopyFileToFolders Include="configuration\patriarch_member_child.json" />
    <CopyFileToFolders Include="configuration\patriarch_member_child_card.json" />
    <CopyFileToFolders Include="configuration\patriarch_member_husband.json" />
    <CopyFileToFolders Include="configuration\patriarch_member_husband_card.json" />
    <CopyFileToFolders Include="configuration\patriarch_member_relative.json" />
    <CopyFileToFolders Include="configuration\patriarch_member_relative_card.json" />
    <CopyFileToFolders Include="configuration\patriarch_member_wife.json" />
    <CopyFileToFolders Include="configuration\patriarch_member_wife_card.json" />
    <CopyFileToFolders Include="configuration\patriarch_note.json" />
    <CopyFileToFolders Include="configuration\patriarch_note_card.json" />
    <CopyFileToFolders Include="configuration\patriarch_object_card_small_template.json" />
    <CopyFileToFolders Include="configuration\patriarch_object_card_template.json" />
    <CopyFileToFolders Include="configuration\patriarch_object_details.json" />
    <CopyFileToFolders Include="configuration\patriarch_object_edit_template.json" />
    <CopyFileToFolders Include="configuration\patriarch_property_appliance.json" />
    <CopyFileToFolders Include="configuration\patriarch_property_appliance_card.json" />
    <CopyFileToFolders Include="configuration\patriarch_property_boat.json" />
    <CopyFileToFolders Include="configuration\patriarch_property_boat_card.json" />
    <CopyFileToFolders Include="configuration\patriarch_property_building.json" />
    <CopyFileToFolders Include="configuration\patriarch_property_building_card.json" />
    <CopyFileToFolders Include="configuration\patriarch_property_collectibles.json" />
    <CopyFileToFolders Include="configuration\patriarch_property_collectibles_card.json" />
    <CopyFileToFolders Include="configuration\patriarch_property_electronics.json" />
    <CopyFileToFolders Include="configuration\patriarch_property_electronics_card.json" />
    <CopyFileToFolders Include="configuration\patriarch_property_furniture.json" />
    <CopyFileToFolders Include="configuration\patriarch_property_furniture_card.json" />
    <CopyFileToFolders Include="configuration\patriarch_property_gun.json" />
    <CopyFileToFolders Include="configuration\patriarch_property_gun_card.json" />
    <CopyFileToFolders Include="configuration\patriarch_property_jewelry.json" />
    <CopyFileToFolders Include="configuration\patriarch_property_jewelry_card.json" />
    <CopyFileToFolders Include="configuration\patriarch_property_tool.json" />
    <CopyFileToFolders Include="configuration\patriarch_property_tool_card.json" />
    <CopyFileToFolders Include="configuration\patriarch_property_tractor.json" />
    <CopyFileToFolders Include="configuration\patriarch_property_tractor_card.json" />
    <CopyFileToFolders Include="configuration\patriarch_property_vehicle.json" />
    <CopyFileToFolders Include="configuration\patriarch_property_vehicle_card.json" />
    <CopyFileToFolders Include="configuration\patriarch_task.json" />
    <CopyFileToFolders Include="configuration\patriarch_task_appointment.json" />
    <CopyFileToFolders Include="configuration\patriarch_task_appointment_card.json" />
    <CopyFileToFolders Include="configuration\patriarch_task_card.json" />
    <CopyFileToFolders Include="configuration\patriarch_task_party.json" />
    <CopyFileToFolders Include="configuration\patriarch_task_party_card.json" />
    <CopyFileToFolders Include="configuration\patriarch_task_project.json" />
    <CopyFileToFolders Include="configuration\patriarch_task_project_card.json" />
    <CopyFileToFolders Include="configuration\patriarch_task_trip.json" />
  </ItemGroup>
  <ItemGroup>
    <ClCompile Include="patriarch.cpp">
      <Filter>Source Files</Filter>
    </ClCompile>
  </ItemGroup>
</Project>